
Microsoft Visual Studio Solution File, Format Version 9.00
# Visual Studio 2005
Project("{FAE04EC0-301F-11D3-BF4B-00C04F79EFBC}") = "ThirdProgram", "ThirdProgram.csproj", "{CD870CBD-DA1E-42F9-93A7-D194449E2842}"
EndProject
Global
	GlobalSection(SolutionConfigurationPlatforms) = preSolution
		Debug|Any CPU = Debug|Any CPU
		Release|Any CPU = Release|Any CPU
	EndGlobalSection
	GlobalSection(ProjectConfigurationPlatforms) = postSolution
		{CD870CBD-DA1E-42F9-93A7-D194449E2842}.Debug|Any CPU.ActiveCfg = Debug|Any CPU
		{CD870CBD-DA1E-42F9-93A7-D194449E2842}.Debug|Any CPU.Build.0 = Debug|Any CPU
		{CD870CBD-DA1E-42F9-93A7-D194449E2842}.Release|Any CPU.ActiveCfg = Release|Any CPU
		{CD870CBD-DA1E-42F9-93A7-D194449E2842}.Release|Any CPU.Build.0 = Release|Any CPU
	EndGlobalSection
	GlobalSection(SolutionProperties) = preSolution
		HideSolutionNode = FALSE
	EndGlobalSection
EndGlobal
