
Microsoft Visual Studio Solution File, Format Version 9.00
# Visual C# Express 2005
Project("{FAE04EC0-301F-11D3-BF4B-00C04F79EFBC}") = "SetTimerWithAnonymousMethod", "SetTimerWithAnonymousMethod.csproj", "{E4090C2F-74DF-42F4-89F1-D34D46D59DAB}"
EndProject
Global
	GlobalSection(SolutionConfigurationPlatforms) = preSolution
		Debug|Any CPU = Debug|Any CPU
		Release|Any CPU = Release|Any CPU
	EndGlobalSection
	GlobalSection(ProjectConfigurationPlatforms) = postSolution
		{E4090C2F-74DF-42F4-89F1-D34D46D59DAB}.Debug|Any CPU.ActiveCfg = Debug|Any CPU
		{E4090C2F-74DF-42F4-89F1-D34D46D59DAB}.Debug|Any CPU.Build.0 = Debug|Any CPU
		{E4090C2F-74DF-42F4-89F1-D34D46D59DAB}.Release|Any CPU.ActiveCfg = Release|Any CPU
		{E4090C2F-74DF-42F4-89F1-D34D46D59DAB}.Release|Any CPU.Build.0 = Release|Any CPU
	EndGlobalSection
	GlobalSection(SolutionProperties) = preSolution
		HideSolutionNode = FALSE
	EndGlobalSection
EndGlobal
