Microsoft Visual Studio Solution File, Format Version 9.00
# Visual Studio 2005
Project("{FAE04EC0-301F-11D3-BF4B-00C04F79EFBC}") = "OperatorTest", "OperatorTest.csproj", "{38329482-3D6E-4B8D-9E24-ADAF60654BAE}"
EndProject
Global
	GlobalSection(SolutionConfigurationPlatforms) = preSolution
		Debug|Any CPU = Debug|Any CPU
		Release|Any CPU = Release|Any CPU
	EndGlobalSection
	GlobalSection(ProjectConfigurationPlatforms) = postSolution
		{38329482-3D6E-4B8D-9E24-ADAF60654BAE}.Debug|Any CPU.ActiveCfg = Debug|Any CPU
		{38329482-3D6E-4B8D-9E24-ADAF60654BAE}.Debug|Any CPU.Build.0 = Debug|Any CPU
		{38329482-3D6E-4B8D-9E24-ADAF60654BAE}.Release|Any CPU.ActiveCfg = Release|Any CPU
		{38329482-3D6E-4B8D-9E24-ADAF60654BAE}.Release|Any CPU.Build.0 = Release|Any CPU
	EndGlobalSection
	GlobalSection(SolutionProperties) = preSolution
		HideSolutionNode = FALSE
	EndGlobalSection
EndGlobal
