
Microsoft Visual Studio Solution File, Format Version 9.00
# Visual C# Express 2005
Project("{FAE04EC0-301F-11D3-BF4B-00C04F79EFBC}") = "PassArrayByReference", "PassArrayByReference.csproj", "{02D1FFEE-BD5C-46AC-A6FE-61D37441D476}"
EndProject
Global
	GlobalSection(SolutionConfigurationPlatforms) = preSolution
		Debug|Any CPU = Debug|Any CPU
		Release|Any CPU = Release|Any CPU
	EndGlobalSection
	GlobalSection(ProjectConfigurationPlatforms) = postSolution
		{02D1FFEE-BD5C-46AC-A6FE-61D37441D476}.Debug|Any CPU.ActiveCfg = Debug|Any CPU
		{02D1FFEE-BD5C-46AC-A6FE-61D37441D476}.Debug|Any CPU.Build.0 = Debug|Any CPU
		{02D1FFEE-BD5C-46AC-A6FE-61D37441D476}.Release|Any CPU.ActiveCfg = Release|Any CPU
		{02D1FFEE-BD5C-46AC-A6FE-61D37441D476}.Release|Any CPU.Build.0 = Release|Any CPU
	EndGlobalSection
	GlobalSection(SolutionProperties) = preSolution
		HideSolutionNode = FALSE
	EndGlobalSection
EndGlobal
