
Microsoft Visual Studio Solution File, Format Version 9.00
# Visual Studio 2005
Project("{FAE04EC0-301F-11D3-BF4B-00C04F79EFBC}") = "CurrencyFormatting", "CurrencyFormatting.csproj", "{94C94822-65B2-41C5-84FD-DD5B77EEDBFF}"
EndProject
Global
	GlobalSection(SolutionConfigurationPlatforms) = preSolution
		Debug|Any CPU = Debug|Any CPU
		Release|Any CPU = Release|Any CPU
	EndGlobalSection
	GlobalSection(ProjectConfigurationPlatforms) = postSolution
		{94C94822-65B2-41C5-84FD-DD5B77EEDBFF}.Debug|Any CPU.ActiveCfg = Debug|Any CPU
		{94C94822-65B2-41C5-84FD-DD5B77EEDBFF}.Debug|Any CPU.Build.0 = Debug|Any CPU
		{94C94822-65B2-41C5-84FD-DD5B77EEDBFF}.Release|Any CPU.ActiveCfg = Release|Any CPU
		{94C94822-65B2-41C5-84FD-DD5B77EEDBFF}.Release|Any CPU.Build.0 = Release|Any CPU
	EndGlobalSection
	GlobalSection(SolutionProperties) = preSolution
		HideSolutionNode = FALSE
	EndGlobalSection
EndGlobal
